
Microsoft Visual Studio Solution File, Format Version 12.00
# Visual Studio 15
Project("{FAE04EC0-301F-11D3-BF4B-00C04F79EFBC}") = "Assembly-CSharp", "Assembly-CSharp.csproj", "{C30F9E99-7BE9-7EF3-EE3C-E9CEA1404188}"
EndProject
Project("{FAE04EC0-301F-11D3-BF4B-00C04F79EFBC}") = "Assembly-CSharp-Editor", "Assembly-CSharp-Editor.csproj", "{F2746D7C-8781-8806-04C3-E7159A62EF8D}"
EndProject
Global
	GlobalSection(SolutionConfigurationPlatforms) = preSolution
		Debug|Any CPU = Debug|Any CPU
		Release|Any CPU = Release|Any CPU
	EndGlobalSection
	GlobalSection(ProjectConfigurationPlatforms) = postSolution
		{C30F9E99-7BE9-7EF3-EE3C-E9CEA1404188}.Debug|Any CPU.ActiveCfg = Debug|Any CPU
		{C30F9E99-7BE9-7EF3-EE3C-E9CEA1404188}.Debug|Any CPU.Build.0 = Debug|Any CPU
		{C30F9E99-7BE9-7EF3-EE3C-E9CEA1404188}.Release|Any CPU.ActiveCfg = Release|Any CPU
		{C30F9E99-7BE9-7EF3-EE3C-E9CEA1404188}.Release|Any CPU.Build.0 = Release|Any CPU
		{F2746D7C-8781-8806-04C3-E7159A62EF8D}.Debug|Any CPU.ActiveCfg = Debug|Any CPU
		{F2746D7C-8781-8806-04C3-E7159A62EF8D}.Debug|Any CPU.Build.0 = Debug|Any CPU
		{F2746D7C-8781-8806-04C3-E7159A62EF8D}.Release|Any CPU.ActiveCfg = Release|Any CPU
		{F2746D7C-8781-8806-04C3-E7159A62EF8D}.Release|Any CPU.Build.0 = Release|Any CPU
	EndGlobalSection
	GlobalSection(SolutionProperties) = preSolution
		HideSolutionNode = FALSE
	EndGlobalSection
EndGlobal
